// !$*UTF8*$!
{
	archiveVersion = 1;
	classes = {
	};
	objectVersion = 46;
	objects = {

/* Begin PBXBuildFile section */
		89467EBA19F34BA3000FD6B4 /* AppDelegate.swift in Sources */ = {isa = PBXBuildFile; fileRef = 89467EB919F34BA3000FD6B4 /* AppDelegate.swift */; };
		89467EBC19F34BA3000FD6B4 /* ViewController.swift in Sources */ = {isa = PBXBuildFile; fileRef = 89467EBB19F34BA3000FD6B4 /* ViewController.swift */; };
		89467EBF19F34BA3000FD6B4 /* Main.storyboard in Resources */ = {isa = PBXBuildFile; fileRef = 89467EBD19F34BA3000FD6B4 /* Main.storyboard */; };
		89467EC119F34BA3000FD6B4 /* Images.xcassets in Resources */ = {isa = PBXBuildFile; fileRef = 89467EC019F34BA3000FD6B4 /* Images.xcassets */; };
		89467EC419F34BA3000FD6B4 /* LaunchScreen.xib in Resources */ = {isa = PBXBuildFile; fileRef = 89467EC219F34BA3000FD6B4 /* LaunchScreen.xib */; };
		89467ED019F34BA3000FD6B4 /* test3Tests.swift in Sources */ = {isa = PBXBuildFile; fileRef = 89467ECF19F34BA3000FD6B4 /* test3Tests.swift */; };
		89467EDC19F390DD000FD6B4 /* SecondController.swift in Sources */ = {isa = PBXBuildFile; fileRef = 89467EDB19F390DD000FD6B4 /* SecondController.swift */; };
		89E6898D1A024593008F8720 /* test button image.png in Resources */ = {isa = PBXBuildFile; fileRef = 89E6898C1A024592008F8720 /* test button image.png */; };
/* End PBXBuildFile section */

/* Begin PBXContainerItemProxy section */
		89467ECA19F34BA3000FD6B4 /* PBXContainerItemProxy */ = {
			isa = PBXContainerItemProxy;
			containerPortal = 89467EAC19F34BA2000FD6B4 /* Project object */;
			proxyType = 1;
			remoteGlobalIDString = 89467EB319F34BA3000FD6B4;
			remoteInfo = test3;
		};
/* End PBXContainerItemProxy section */

/* Begin PBXFileReference section */
		89467EB419F34BA3000FD6B4 /* test3.app */ = {isa = PBXFileReference; explicitFileType = wrapper.application; includeInIndex = 0; path = test3.app; sourceTree = BUILT_PRODUCTS_DIR; };
		89467EB819F34BA3000FD6B4 /* Info.plist */ = {isa = PBXFileReference; lastKnownFileType = text.plist.xml; path = Info.plist; sourceTree = "<group>"; };
		89467EB919F34BA3000FD6B4 /* AppDelegate.swift */ = {isa = PBXFileReference; lastKnownFileType = sourcecode.swift; path = AppDelegate.swift; sourceTree = "<group>"; };
		89467EBB19F34BA3000FD6B4 /* ViewController.swift */ = {isa = PBXFileReference; lastKnownFileType = sourcecode.swift; path = ViewController.swift; sourceTree = "<group>"; };
		89467EBE19F34BA3000FD6B4 /* Base */ = {isa = PBXFileReference; lastKnownFileType = file.storyboard; name = Base; path = Base.lproj/Main.storyboard; sourceTree = "<group>"; };
		89467EC019F34BA3000FD6B4 /* Images.xcassets */ = {isa = PBXFileReference; lastKnownFileType = folder.assetcatalog; path = Images.xcassets; sourceTree = "<group>"; };
		89467EC319F34BA3000FD6B4 /* Base */ = {isa = PBXFileReference; lastKnownFileType = file.xib; name = Base; path = Base.lproj/LaunchScreen.xib; sourceTree = "<group>"; };
		89467EC919F34BA3000FD6B4 /* test3Tests.xctest */ = {isa = PBXFileReference; explicitFileType = wrapper.cfbundle; includeInIndex = 0; path = test3Tests.xctest; sourceTree = BUILT_PRODUCTS_DIR; };
		89467ECE19F34BA3000FD6B4 /* Info.plist */ = {isa = PBXFileReference; lastKnownFileType = text.plist.xml; path = Info.plist; sourceTree = "<group>"; };
		89467ECF19F34BA3000FD6B4 /* test3Tests.swift */ = {isa = PBXFileReference; lastKnownFileType = sourcecode.swift; path = test3Tests.swift; sourceTree = "<group>"; };
		89467EDB19F390DD000FD6B4 /* SecondController.swift */ = {isa = PBXFileReference; fileEncoding = 4; lastKnownFileType = sourcecode.swift; path = SecondController.swift; sourceTree = "<group>"; };
		89E6898C1A024592008F8720 /* test button image.png */ = {isa = PBXFileReference; lastKnownFileType = image.png; name = "test button image.png"; path = "../../../../../../Documents/test button image.png"; sourceTree = "<group>"; };
/* End PBXFileReference section */

/* Begin PBXFrameworksBuildPhase section */
		89467EB119F34BA3000FD6B4 /* Frameworks */ = {
			isa = PBXFrameworksBuildPhase;
			buildActionMask = 2147483647;
			files = (
			);
			runOnlyForDeploymentPostprocessing = 0;
		};
		89467EC619F34BA3000FD6B4 /* Frameworks */ = {
			isa = PBXFrameworksBuildPhase;
			buildActionMask = 2147483647;
			files = (
			);
			runOnlyForDeploymentPostprocessing = 0;
		};
/* End PBXFrameworksBuildPhase section */

/* Begin PBXGroup section */
		89467EAB19F34BA2000FD6B4 = {
			isa = PBXGroup;
			children = (
				89467EB619F34BA3000FD6B4 /* test3 */,
				89467ECC19F34BA3000FD6B4 /* test3Tests */,
				89467EB519F34BA3000FD6B4 /* Products */,
			);
			sourceTree = "<group>";
		};
		89467EB519F34BA3000FD6B4 /* Products */ = {
			isa = PBXGroup;
			children = (
				89467EB419F34BA3000FD6B4 /* test3.app */,
				89467EC919F34BA3000FD6B4 /* test3Tests.xctest */,
			);
			name = Products;
			sourceTree = "<group>";
		};
		89467EB619F34BA3000FD6B4 /* test3 */ = {
			isa = PBXGroup;
			children = (
				89467EB919F34BA3000FD6B4 /* AppDelegate.swift */,
				89467EBB19F34BA3000FD6B4 /* ViewController.swift */,
				89467EBD19F34BA3000FD6B4 /* Main.storyboard */,
				89E6898C1A024592008F8720 /* test button image.png */,
				89467EDB19F390DD000FD6B4 /* SecondController.swift */,
				89467EC019F34BA3000FD6B4 /* Images.xcassets */,
				89467EC219F34BA3000FD6B4 /* LaunchScreen.xib */,
				89467EB719F34BA3000FD6B4 /* Supporting Files */,
			);
			path = test3;
			sourceTree = "<group>";
		};
		89467EB719F34BA3000FD6B4 /* Supporting Files */ = {
			isa = PBXGroup;
			children = (
				89467EB819F34BA3000FD6B4 /* Info.plist */,
			);
			name = "Supporting Files";
			sourceTree = "<group>";
		};
		89467ECC19F34BA3000FD6B4 /* test3Tests */ = {
			isa = PBXGroup;
			children = (
				89467ECF19F34BA3000FD6B4 /* test3Tests.swift */,
				89467ECD19F34BA3000FD6B4 /* Supporting Files */,
			);
			path = test3Tests;
			sourceTree = "<group>";
		};
		89467ECD19F34BA3000FD6B4 /* Supporting Files */ = {
			isa = PBXGroup;
			children = (
				89467ECE19F34BA3000FD6B4 /* Info.plist */,
			);
			name = "Supporting Files";
			sourceTree = "<group>";
		};
/* End PBXGroup section */

/* Begin PBXNativeTarget section */
		89467EB319F34BA3000FD6B4 /* test3 */ = {
			isa = PBXNativeTarget;
			buildConfigurationList = 89467ED319F34BA3000FD6B4 /* Build configuration list for PBXNativeTarget "test3" */;
			buildPhases = (
				89467EB019F34BA3000FD6B4 /* Sources */,
				89467EB119F34BA3000FD6B4 /* Frameworks */,
				89467EB219F34BA3000FD6B4 /* Resources */,
			);
			buildRules = (
			);
			dependencies = (
			);
			name = test3;
			productName = test3;
			productReference = 89467EB419F34BA3000FD6B4 /* test3.app */;
			productType = "com.apple.product-type.application";
		};
		89467EC819F34BA3000FD6B4 /* test3Tests */ = {
			isa = PBXNativeTarget;
			buildConfigurationList = 89467ED619F34BA3000FD6B4 /* Build configuration list for PBXNativeTarget "test3Tests" */;
			buildPhases = (
				89467EC519F34BA3000FD6B4 /* Sources */,
				89467EC619F34BA3000FD6B4 /* Frameworks */,
				89467EC719F34BA3000FD6B4 /* Resources */,
			);
			buildRules = (
			);
			dependencies = (
				89467ECB19F34BA3000FD6B4 /* PBXTargetDependency */,
			);
			name = test3Tests;
			productName = test3Tests;
			productReference = 89467EC919F34BA3000FD6B4 /* test3Tests.xctest */;
			productType = "com.apple.product-type.bundle.unit-test";
		};
/* End PBXNativeTarget section */

/* Begin PBXProject section */
		89467EAC19F34BA2000FD6B4 /* Project object */ = {
			isa = PBXProject;
			attributes = {
				LastUpgradeCheck = 0600;
				ORGANIZATIONNAME = "Padow　Usmar";
				TargetAttributes = {
					89467EB319F34BA3000FD6B4 = {
						CreatedOnToolsVersion = 6.0.1;
					};
					89467EC819F34BA3000FD6B4 = {
						CreatedOnToolsVersion = 6.0.1;
						TestTargetID = 89467EB319F34BA3000FD6B4;
					};
				};
			};
			buildConfigurationList = 89467EAF19F34BA2000FD6B4 /* Build configuration list for PBXProject "test3" */;
			compatibilityVersion = "Xcode 3.2";
			developmentRegion = English;
			hasScannedForEncodings = 0;
			knownRegions = (
				en,
				Base,
			);
			mainGroup = 89467EAB19F34BA2000FD6B4;
			productRefGroup = 89467EB519F34BA3000FD6B4 /* Products */;
			projectDirPath = "";
			projectRoot = "";
			targets = (
				89467EB319F34BA3000FD6B4 /* test3 */,
				89467EC819F34BA3000FD6B4 /* test3Tests */,
			);
		};
/* End PBXProject section */

/* Begin PBXResourcesBuildPhase section */
		89467EB219F34BA3000FD6B4 /* Resources */ = {
			isa = PBXResourcesBuildPhase;
			buildActionMask = 2147483647;
			files = (
				89467EBF19F34BA3000FD6B4 /* Main.storyboard in Resources */,
				89467EC419F34BA3000FD6B4 /* LaunchScreen.xib in Resources */,
				89467EC119F34BA3000FD6B4 /* Images.xcassets in Resources */,
				89E6898D1A024593008F8720 /* test button image.png in Resources */,
			);
			runOnlyForDeploymentPostprocessing = 0;
		};
		89467EC719F34BA3000FD6B4 /* Resources */ = {
			isa = PBXResourcesBuildPhase;
			buildActionMask = 2147483647;
			files = (
			);
			runOnlyForDeploymentPostprocessing = 0;
		};
/* End PBXResourcesBuildPhase section */

/* Begin PBXSourcesBuildPhase section */
		89467EB019F34BA3000FD6B4 /* Sources */ = {
			isa = PBXSourcesBuildPhase;
			buildActionMask = 2147483647;
			files = (
				89467EDC19F390DD000FD6B4 /* SecondController.swift in Sources */,
				89467EBC19F34BA3000FD6B4 /* ViewController.swift in Sources */,
				89467EBA19F34BA3000FD6B4 /* AppDelegate.swift in Sources */,
			);
			runOnlyForDeploymentPostprocessing = 0;
		};
		89467EC519F34BA3000FD6B4 /* Sources */ = {
			isa = PBXSourcesBuildPhase;
			buildActionMask = 2147483647;
			files = (
				89467ED019F34BA3000FD6B4 /* test3Tests.swift in Sources */,
			);
			runOnlyForDeploymentPostprocessing = 0;
		};
/* End PBXSourcesBuildPhase section */

/* Begin PBXTargetDependency section */
		89467ECB19F34BA3000FD6B4 /* PBXTargetDependency */ = {
			isa = PBXTargetDependency;
			target = 89467EB319F34BA3000FD6B4 /* test3 */;
			targetProxy = 89467ECA19F34BA3000FD6B4 /* PBXContainerItemProxy */;
		};
/* End PBXTargetDependency section */

/* Begin PBXVariantGroup section */
		89467EBD19F34BA3000FD6B4 /* Main.storyboard */ = {
			isa = PBXVariantGroup;
			children = (
				89467EBE19F34BA3000FD6B4 /* Base */,
			);
			name = Main.storyboard;
			sourceTree = "<group>";
		};
		89467EC219F34BA3000FD6B4 /* LaunchScreen.xib */ = {
			isa = PBXVariantGroup;
			children = (
				89467EC319F34BA3000FD6B4 /* Base */,
			);
			name = LaunchScreen.xib;
			sourceTree = "<group>";
		};
/* End PBXVariantGroup section */

/* Begin XCBuildConfiguration section */
		89467ED119F34BA3000FD6B4 /* Debug */ = {
			isa = XCBuildConfiguration;
			buildSettings = {
				ALWAYS_SEARCH_USER_PATHS = NO;
				CLANG_CXX_LANGUAGE_STANDARD = "gnu++0x";
				CLANG_CXX_LIBRARY = "libc++";
				CLANG_ENABLE_MODULES = YES;
				CLANG_ENABLE_OBJC_ARC = YES;
				CLANG_WARN_BOOL_CONVERSION = YES;
				CLANG_WARN_CONSTANT_CONVERSION = YES;
				CLANG_WARN_DIRECT_OBJC_ISA_USAGE = YES_ERROR;
				CLANG_WARN_EMPTY_BODY = YES;
				CLANG_WARN_ENUM_CONVERSION = YES;
				CLANG_WARN_INT_CONVERSION = YES;
				CLANG_WARN_OBJC_ROOT_CLASS = YES_ERROR;
				CLANG_WARN_UNREACHABLE_CODE = YES;
				CLANG_WARN__DUPLICATE_METHOD_MATCH = YES;
				"CODE_SIGN_IDENTITY[sdk=iphoneos*]" = "iPhone Developer";
				COPY_PHASE_STRIP = NO;
				ENABLE_STRICT_OBJC_MSGSEND = YES;
				GCC_C_LANGUAGE_STANDARD = gnu99;
				GCC_DYNAMIC_NO_PIC = NO;
				GCC_OPTIMIZATION_LEVEL = 0;
				GCC_PREPROCESSOR_DEFINITIONS = (
					"DEBUG=1",
					"$(inherited)",
				);
				GCC_SYMBOLS_PRIVATE_EXTERN = NO;
				GCC_WARN_64_TO_32_BIT_CONVERSION = YES;
				GCC_WARN_ABOUT_RETURN_TYPE = YES_ERROR;
				GCC_WARN_UNDECLARED_SELECTOR = YES;
				GCC_WARN_UNINITIALIZED_AUTOS = YES_AGGRESSIVE;
				GCC_WARN_UNUSED_FUNCTION = YES;
				GCC_WARN_UNUSED_VARIABLE = YES;
				IPHONEOS_DEPLOYMENT_TARGET = 8.0;
				MTL_ENABLE_DEBUG_INFO = YES;
				ONLY_ACTIVE_ARCH = YES;
				SDKROOT = iphoneos;
				SWIFT_OPTIMIZATION_LEVEL = "-Onone";
				TARGETED_DEVICE_FAMILY = "1,2";
			};
			name = Debug;
		};
		89467ED219F34BA3000FD6B4 /* Release */ = {
			isa = XCBuildConfiguration;
			buildSettings = {
				ALWAYS_SEARCH_USER_PATHS = NO;
				CLANG_CXX_LANGUAGE_STANDARD = "gnu++0x";
				CLANG_CXX_LIBRARY = "libc++";
				CLANG_ENABLE_MODULES = YES;
				CLANG_ENABLE_OBJC_ARC = YES;
				CLANG_WARN_BOOL_CONVERSION = YES;
				CLANG_WARN_CONSTANT_CONVERSION = YES;
				CLANG_WARN_DIRECT_OBJC_ISA_USAGE = YES_ERROR;
				CLANG_WARN_EMPTY_BODY = YES;
				CLANG_WARN_ENUM_CONVERSION = YES;
				CLANG_WARN_INT_CONVERSION = YES;
				CLANG_WARN_OBJC_ROOT_CLASS = YES_ERROR;
				CLANG_WARN_UNREACHABLE_CODE = YES;
				CLANG_WARN__DUPLICATE_METHOD_MATCH = YES;
				"CODE_SIGN_IDENTITY[sdk=iphoneos*]" = "iPhone Developer";
				COPY_PHASE_STRIP = YES;
				ENABLE_NS_ASSERTIONS = NO;
				ENABLE_STRICT_OBJC_MSGSEND = YES;
				GCC_C_LANGUAGE_STANDARD = gnu99;
				GCC_WARN_64_TO_32_BIT_CONVERSION = YES;
				GCC_WARN_ABOUT_RETURN_TYPE = YES_ERROR;
				GCC_WARN_UNDECLARED_SELECTOR = YES;
				GCC_WARN_UNINITIALIZED_AUTOS = YES_AGGRESSIVE;
				GCC_WARN_UNUSED_FUNCTION = YES;
				GCC_WARN_UNUSED_VARIABLE = YES;
				IPHONEOS_DEPLOYMENT_TARGET = 8.0;
				MTL_ENABLE_DEBUG_INFO = NO;
				SDKROOT = iphoneos;
				TARGETED_DEVICE_FAMILY = "1,2";
				VALIDATE_PRODUCT = YES;
			};
			name = Release;
		};
		89467ED419F34BA3000FD6B4 /* Debug */ = {
			isa = XCBuildConfiguration;
			buildSettings = {
				ASSETCATALOG_COMPILER_APPICON_NAME = AppIcon;
				INFOPLIST_FILE = test3/Info.plist;
				LD_RUNPATH_SEARCH_PATHS = "$(inherited) @executable_path/Frameworks";
				PRODUCT_NAME = "$(TARGET_NAME)";
			};
			name = Debug;
		};
		89467ED519F34BA3000FD6B4 /* Release */ = {
			isa = XCBuildConfiguration;
			buildSettings = {
				ASSETCATALOG_COMPILER_APPICON_NAME = AppIcon;
				INFOPLIST_FILE = test3/Info.plist;
				LD_RUNPATH_SEARCH_PATHS = "$(inherited) @executable_path/Frameworks";
				PRODUCT_NAME = "$(TARGET_NAME)";
			};
			name = Release;
		};
		89467ED719F34BA3000FD6B4 /* Debug */ = {
			isa = XCBuildConfiguration;
			buildSettings = {
				BUNDLE_LOADER = "$(TEST_HOST)";
				FRAMEWORK_SEARCH_PATHS = (
					"$(SDKROOT)/Developer/Library/Frameworks",
					"$(inherited)",
				);
				GCC_PREPROCESSOR_DEFINITIONS = (
					"DEBUG=1",
					"$(inherited)",
				);
				INFOPLIST_FILE = test3Tests/Info.plist;
				LD_RUNPATH_SEARCH_PATHS = "$(inherited) @executable_path/Frameworks @loader_path/Frameworks";
				PRODUCT_NAME = "$(TARGET_NAME)";
				TEST_HOST = "$(BUILT_PRODUCTS_DIR)/test3.app/test3";
			};
			name = Debug;
		};
		89467ED819F34BA3000FD6B4 /* Release */ = {
			isa = XCBuildConfiguration;
			buildSettings = {
				BUNDLE_LOADER = "$(TEST_HOST)";
				FRAMEWORK_SEARCH_PATHS = (
					"$(SDKROOT)/Developer/Library/Frameworks",
					"$(inherited)",
				);
				INFOPLIST_FILE = test3Tests/Info.plist;
				LD_RUNPATH_SEARCH_PATHS = "$(inherited) @executable_path/Frameworks @loader_path/Frameworks";
				PRODUCT_NAME = "$(TARGET_NAME)";
				TEST_HOST = "$(BUILT_PRODUCTS_DIR)/test3.app/test3";
			};
			name = Release;
		};
/* End XCBuildConfiguration section */

/* Begin XCConfigurationList section */
		89467EAF19F34BA2000FD6B4 /* Build configuration list for PBXProject "test3" */ = {
			isa = XCConfigurationList;
			buildConfigurations = (
				89467ED119F34BA3000FD6B4 /* Debug */,
				89467ED219F34BA3000FD6B4 /* Release */,
			);
			defaultConfigurationIsVisible = 0;
			defaultConfigurationName = Release;
		};
		89467ED319F34BA3000FD6B4 /* Build configuration list for PBXNativeTarget "test3" */ = {
			isa = XCConfigurationList;
			buildConfigurations = (
				89467ED419F34BA3000FD6B4 /* Debug */,
				89467ED519F34BA3000FD6B4 /* Release */,
			);
			defaultConfigurationIsVisible = 0;
			defaultConfigurationName = Release;
		};
		89467ED619F34BA3000FD6B4 /* Build configuration list for PBXNativeTarget "test3Tests" */ = {
			isa = XCConfigurationList;
			buildConfigurations = (
				89467ED719F34BA3000FD6B4 /* Debug */,
				89467ED819F34BA3000FD6B4 /* Release */,
			);
			defaultConfigurationIsVisible = 0;
			defaultConfigurationName = Release;
		};
/* End XCConfigurationList section */
	};
	rootObject = 89467EAC19F34BA2000FD6B4 /* Project object */;
}
